// !$*UTF8*$!
{
	archiveVersion = 1;
	classes = {
	};
	objectVersion = 46;
	objects = {

/* Begin PBXBuildFile section */
		AC8FBE67BD39BEF822A3B205 /* libPods-Multilingual.a in Frameworks */ = {isa = PBXBuildFile; fileRef = D47F36DE3D0F45782E94DFF5 /* libPods-Multilingual.a */; };
		B585F1AF1C1DAB5E00A6A705 /* LanguagesViewController.swift in Sources */ = {isa = PBXBuildFile; fileRef = B585F1AE1C1DAB5E00A6A705 /* LanguagesViewController.swift */; };
		B585F1B11C1DB30600A6A705 /* SwiftTableViewController.swift in Sources */ = {isa = PBXBuildFile; fileRef = B585F1B01C1DB30600A6A705 /* SwiftTableViewController.swift */; };
		B585F1B61C1DB51500A6A705 /* ObjectiveCTableViewController.m in Sources */ = {isa = PBXBuildFile; fileRef = B585F1B51C1DB51500A6A705 /* ObjectiveCTableViewController.m */; };
		B59740B81C1AC8420029C894 /* AppDelegate.swift in Sources */ = {isa = PBXBuildFile; fileRef = B59740B71C1AC8420029C894 /* AppDelegate.swift */; };
		B59740BD1C1AC8420029C894 /* Main.storyboard in Resources */ = {isa = PBXBuildFile; fileRef = B59740BB1C1AC8420029C894 /* Main.storyboard */; };
		B59740BF1C1AC8420029C894 /* Assets.xcassets in Resources */ = {isa = PBXBuildFile; fileRef = B59740BE1C1AC8420029C894 /* Assets.xcassets */; };
		B59740C21C1AC8420029C894 /* LaunchScreen.storyboard in Resources */ = {isa = PBXBuildFile; fileRef = B59740C01C1AC8420029C894 /* LaunchScreen.storyboard */; };
		B59740D01C1ACB6C0029C894 /* JavaScriptTableViewController.m in Sources */ = {isa = PBXBuildFile; fileRef = B59740CF1C1ACB6C0029C894 /* JavaScriptTableViewController.m */; };
/* End PBXBuildFile section */

/* Begin PBXFileReference section */
		5F6C5460FA44B724D8F1E228 /* Pods-Multilingual.release.xcconfig */ = {isa = PBXFileReference; includeInIndex = 1; lastKnownFileType = text.xcconfig; name = "Pods-Multilingual.release.xcconfig"; path = "Pods/Target Support Files/Pods-Multilingual/Pods-Multilingual.release.xcconfig"; sourceTree = "<group>"; };
		B585F1AE1C1DAB5E00A6A705 /* LanguagesViewController.swift */ = {isa = PBXFileReference; fileEncoding = 4; lastKnownFileType = sourcecode.swift; path = LanguagesViewController.swift; sourceTree = "<group>"; };
		B585F1B01C1DB30600A6A705 /* SwiftTableViewController.swift */ = {isa = PBXFileReference; fileEncoding = 4; lastKnownFileType = sourcecode.swift; path = SwiftTableViewController.swift; sourceTree = "<group>"; };
		B585F1B41C1DB51500A6A705 /* ObjectiveCTableViewController.h */ = {isa = PBXFileReference; fileEncoding = 4; lastKnownFileType = sourcecode.c.h; path = ObjectiveCTableViewController.h; sourceTree = "<group>"; };
		B585F1B51C1DB51500A6A705 /* ObjectiveCTableViewController.m */ = {isa = PBXFileReference; fileEncoding = 4; lastKnownFileType = sourcecode.c.objc; path = ObjectiveCTableViewController.m; sourceTree = "<group>"; };
		B59740B41C1AC8420029C894 /* Multilingual.app */ = {isa = PBXFileReference; explicitFileType = wrapper.application; includeInIndex = 0; path = Multilingual.app; sourceTree = BUILT_PRODUCTS_DIR; };
		B59740B71C1AC8420029C894 /* AppDelegate.swift */ = {isa = PBXFileReference; lastKnownFileType = sourcecode.swift; path = AppDelegate.swift; sourceTree = "<group>"; };
		B59740BC1C1AC8420029C894 /* Base */ = {isa = PBXFileReference; lastKnownFileType = file.storyboard; name = Base; path = Base.lproj/Main.storyboard; sourceTree = "<group>"; };
		B59740BE1C1AC8420029C894 /* Assets.xcassets */ = {isa = PBXFileReference; lastKnownFileType = folder.assetcatalog; path = Assets.xcassets; sourceTree = "<group>"; };
		B59740C11C1AC8420029C894 /* Base */ = {isa = PBXFileReference; lastKnownFileType = file.storyboard; name = Base; path = Base.lproj/LaunchScreen.storyboard; sourceTree = "<group>"; };
		B59740C31C1AC8420029C894 /* Info.plist */ = {isa = PBXFileReference; lastKnownFileType = text.plist.xml; path = Info.plist; sourceTree = "<group>"; };
		B59740CD1C1ACB6C0029C894 /* Multilingual-Bridging-Header.h */ = {isa = PBXFileReference; lastKnownFileType = sourcecode.c.h; path = "Multilingual-Bridging-Header.h"; sourceTree = "<group>"; };
		B59740CE1C1ACB6C0029C894 /* JavaScriptTableViewController.h */ = {isa = PBXFileReference; fileEncoding = 4; lastKnownFileType = sourcecode.c.h; path = JavaScriptTableViewController.h; sourceTree = "<group>"; };
		B59740CF1C1ACB6C0029C894 /* JavaScriptTableViewController.m */ = {isa = PBXFileReference; fileEncoding = 4; lastKnownFileType = sourcecode.c.objc; path = JavaScriptTableViewController.m; sourceTree = "<group>"; };
		D47F36DE3D0F45782E94DFF5 /* libPods-Multilingual.a */ = {isa = PBXFileReference; explicitFileType = archive.ar; includeInIndex = 0; path = "libPods-Multilingual.a"; sourceTree = BUILT_PRODUCTS_DIR; };
		E44F2614F8FC34488629580A /* Pods-Multilingual.debug.xcconfig */ = {isa = PBXFileReference; includeInIndex = 1; lastKnownFileType = text.xcconfig; name = "Pods-Multilingual.debug.xcconfig"; path = "Pods/Target Support Files/Pods-Multilingual/Pods-Multilingual.debug.xcconfig"; sourceTree = "<group>"; };
/* End PBXFileReference section */

/* Begin PBXFrameworksBuildPhase section */
		B59740B11C1AC8420029C894 /* Frameworks */ = {
			isa = PBXFrameworksBuildPhase;
			buildActionMask = 2147483647;
			files = (
				AC8FBE67BD39BEF822A3B205 /* libPods-Multilingual.a in Frameworks */,
			);
			runOnlyForDeploymentPostprocessing = 0;
		};
/* End PBXFrameworksBuildPhase section */

/* Begin PBXGroup section */
		5C674F352043E08DC24D33CE /* Pods */ = {
			isa = PBXGroup;
			children = (
				E44F2614F8FC34488629580A /* Pods-Multilingual.debug.xcconfig */,
				5F6C5460FA44B724D8F1E228 /* Pods-Multilingual.release.xcconfig */,
			);
			name = Pods;
			sourceTree = "<group>";
		};
		A49E2FDC9EB076F3913827AF /* Frameworks */ = {
			isa = PBXGroup;
			children = (
				D47F36DE3D0F45782E94DFF5 /* libPods-Multilingual.a */,
			);
			name = Frameworks;
			sourceTree = "<group>";
		};
		B59740AB1C1AC8420029C894 = {
			isa = PBXGroup;
			children = (
				A49E2FDC9EB076F3913827AF /* Frameworks */,
				B59740B61C1AC8420029C894 /* Multilingual */,
				5C674F352043E08DC24D33CE /* Pods */,
				B59740B51C1AC8420029C894 /* Products */,
			);
			sourceTree = "<group>";
		};
		B59740B51C1AC8420029C894 /* Products */ = {
			isa = PBXGroup;
			children = (
				B59740B41C1AC8420029C894 /* Multilingual.app */,
			);
			name = Products;
			sourceTree = "<group>";
		};
		B59740B61C1AC8420029C894 /* Multilingual */ = {
			isa = PBXGroup;
			children = (
				B59740B71C1AC8420029C894 /* AppDelegate.swift */,
				B59740BE1C1AC8420029C894 /* Assets.xcassets */,
				B59740C31C1AC8420029C894 /* Info.plist */,
				B59740CE1C1ACB6C0029C894 /* JavaScriptTableViewController.h */,
				B59740CF1C1ACB6C0029C894 /* JavaScriptTableViewController.m */,
				B585F1AE1C1DAB5E00A6A705 /* LanguagesViewController.swift */,
				B59740C01C1AC8420029C894 /* LaunchScreen.storyboard */,
				B59740BB1C1AC8420029C894 /* Main.storyboard */,
				B59740CD1C1ACB6C0029C894 /* Multilingual-Bridging-Header.h */,
				B585F1B41C1DB51500A6A705 /* ObjectiveCTableViewController.h */,
				B585F1B51C1DB51500A6A705 /* ObjectiveCTableViewController.m */,
				B585F1B01C1DB30600A6A705 /* SwiftTableViewController.swift */,
			);
			path = Multilingual;
			sourceTree = "<group>";
		};
/* End PBXGroup section */

/* Begin PBXNativeTarget section */
		B59740B31C1AC8420029C894 /* Multilingual */ = {
			isa = PBXNativeTarget;
			buildConfigurationList = B59740C61C1AC8420029C894 /* Build configuration list for PBXNativeTarget "Multilingual" */;
			buildPhases = (
				C2D4007AE8947FA2F18EFD42 /* Check Pods Manifest.lock */,
				B59740B01C1AC8420029C894 /* Sources */,
				B59740B11C1AC8420029C894 /* Frameworks */,
				B59740B21C1AC8420029C894 /* Resources */,
				8CFE3D1522113C74E17F7366 /* Embed Pods Frameworks */,
				6A467F0F2AB92E9677E0E09C /* Copy Pods Resources */,
			);
			buildRules = (
			);
			dependencies = (
			);
			name = Multilingual;
			productName = Multilingual;
			productReference = B59740B41C1AC8420029C894 /* Multilingual.app */;
			productType = "com.apple.product-type.application";
		};
/* End PBXNativeTarget section */

/* Begin PBXProject section */
		B59740AC1C1AC8420029C894 /* Project object */ = {
			isa = PBXProject;
			attributes = {
				LastSwiftUpdateCheck = 0720;
				LastUpgradeCheck = 0720;
				ORGANIZATIONNAME = bcylin;
				TargetAttributes = {
					B59740B31C1AC8420029C894 = {
						CreatedOnToolsVersion = 7.2;
					};
				};
			};
			buildConfigurationList = B59740AF1C1AC8420029C894 /* Build configuration list for PBXProject "Multilingual" */;
			compatibilityVersion = "Xcode 3.2";
			developmentRegion = English;
			hasScannedForEncodings = 0;
			knownRegions = (
				en,
				Base,
			);
			mainGroup = B59740AB1C1AC8420029C894;
			productRefGroup = B59740B51C1AC8420029C894 /* Products */;
			projectDirPath = "";
			projectRoot = "";
			targets = (
				B59740B31C1AC8420029C894 /* Multilingual */,
			);
		};
/* End PBXProject section */

/* Begin PBXResourcesBuildPhase section */
		B59740B21C1AC8420029C894 /* Resources */ = {
			isa = PBXResourcesBuildPhase;
			buildActionMask = 2147483647;
			files = (
				B59740BF1C1AC8420029C894 /* Assets.xcassets in Resources */,
				B59740C21C1AC8420029C894 /* LaunchScreen.storyboard in Resources */,
				B59740BD1C1AC8420029C894 /* Main.storyboard in Resources */,
			);
			runOnlyForDeploymentPostprocessing = 0;
		};
/* End PBXResourcesBuildPhase section */

/* Begin PBXShellScriptBuildPhase section */
		6A467F0F2AB92E9677E0E09C /* Copy Pods Resources */ = {
			isa = PBXShellScriptBuildPhase;
			buildActionMask = 2147483647;
			files = (
			);
			inputPaths = (
			);
			name = "Copy Pods Resources";
			outputPaths = (
			);
			runOnlyForDeploymentPostprocessing = 0;
			shellPath = /bin/sh;
			shellScript = "\"${SRCROOT}/Pods/Target Support Files/Pods-Multilingual/Pods-Multilingual-resources.sh\"\n";
			showEnvVarsInLog = 0;
		};
		8CFE3D1522113C74E17F7366 /* Embed Pods Frameworks */ = {
			isa = PBXShellScriptBuildPhase;
			buildActionMask = 2147483647;
			files = (
			);
			inputPaths = (
			);
			name = "Embed Pods Frameworks";
			outputPaths = (
			);
			runOnlyForDeploymentPostprocessing = 0;
			shellPath = /bin/sh;
			shellScript = "\"${SRCROOT}/Pods/Target Support Files/Pods-Multilingual/Pods-Multilingual-frameworks.sh\"\n";
			showEnvVarsInLog = 0;
		};
		C2D4007AE8947FA2F18EFD42 /* Check Pods Manifest.lock */ = {
			isa = PBXShellScriptBuildPhase;
			buildActionMask = 2147483647;
			files = (
			);
			inputPaths = (
			);
			name = "Check Pods Manifest.lock";
			outputPaths = (
			);
			runOnlyForDeploymentPostprocessing = 0;
			shellPath = /bin/sh;
			shellScript = "diff \"${PODS_ROOT}/../Podfile.lock\" \"${PODS_ROOT}/Manifest.lock\" > /dev/null\nif [[ $? != 0 ]] ; then\n    cat << EOM\nerror: The sandbox is not in sync with the Podfile.lock. Run 'pod install' or update your CocoaPods installation.\nEOM\n    exit 1\nfi\n";
			showEnvVarsInLog = 0;
		};
/* End PBXShellScriptBuildPhase section */

/* Begin PBXSourcesBuildPhase section */
		B59740B01C1AC8420029C894 /* Sources */ = {
			isa = PBXSourcesBuildPhase;
			buildActionMask = 2147483647;
			files = (
				B59740B81C1AC8420029C894 /* AppDelegate.swift in Sources */,
				B59740D01C1ACB6C0029C894 /* JavaScriptTableViewController.m in Sources */,
				B585F1AF1C1DAB5E00A6A705 /* LanguagesViewController.swift in Sources */,
				B585F1B61C1DB51500A6A705 /* ObjectiveCTableViewController.m in Sources */,
				B585F1B11C1DB30600A6A705 /* SwiftTableViewController.swift in Sources */,
			);
			runOnlyForDeploymentPostprocessing = 0;
		};
/* End PBXSourcesBuildPhase section */

/* Begin PBXVariantGroup section */
		B59740BB1C1AC8420029C894 /* Main.storyboard */ = {
			isa = PBXVariantGroup;
			children = (
				B59740BC1C1AC8420029C894 /* Base */,
			);
			name = Main.storyboard;
			sourceTree = "<group>";
		};
		B59740C01C1AC8420029C894 /* LaunchScreen.storyboard */ = {
			isa = PBXVariantGroup;
			children = (
				B59740C11C1AC8420029C894 /* Base */,
			);
			name = LaunchScreen.storyboard;
			sourceTree = "<group>";
		};
/* End PBXVariantGroup section */

/* Begin XCBuildConfiguration section */
		B59740C41C1AC8420029C894 /* Debug */ = {
			isa = XCBuildConfiguration;
			buildSettings = {
				ALWAYS_SEARCH_USER_PATHS = NO;
				CLANG_CXX_LANGUAGE_STANDARD = "gnu++0x";
				CLANG_CXX_LIBRARY = "libc++";
				CLANG_ENABLE_MODULES = YES;
				CLANG_ENABLE_OBJC_ARC = YES;
				CLANG_WARN_BOOL_CONVERSION = YES;
				CLANG_WARN_CONSTANT_CONVERSION = YES;
				CLANG_WARN_DIRECT_OBJC_ISA_USAGE = YES_ERROR;
				CLANG_WARN_EMPTY_BODY = YES;
				CLANG_WARN_ENUM_CONVERSION = YES;
				CLANG_WARN_INT_CONVERSION = YES;
				CLANG_WARN_OBJC_ROOT_CLASS = YES_ERROR;
				CLANG_WARN_UNREACHABLE_CODE = YES;
				CLANG_WARN__DUPLICATE_METHOD_MATCH = YES;
				"CODE_SIGN_IDENTITY[sdk=iphoneos*]" = "iPhone Developer";
				COPY_PHASE_STRIP = NO;
				DEBUG_INFORMATION_FORMAT = dwarf;
				ENABLE_STRICT_OBJC_MSGSEND = YES;
				ENABLE_TESTABILITY = YES;
				GCC_C_LANGUAGE_STANDARD = gnu99;
				GCC_DYNAMIC_NO_PIC = NO;
				GCC_NO_COMMON_BLOCKS = YES;
				GCC_OPTIMIZATION_LEVEL = 0;
				GCC_PREPROCESSOR_DEFINITIONS = (
					"DEBUG=1",
					"$(inherited)",
				);
				GCC_WARN_64_TO_32_BIT_CONVERSION = YES;
				GCC_WARN_ABOUT_RETURN_TYPE = YES_ERROR;
				GCC_WARN_UNDECLARED_SELECTOR = YES;
				GCC_WARN_UNINITIALIZED_AUTOS = YES_AGGRESSIVE;
				GCC_WARN_UNUSED_FUNCTION = YES;
				GCC_WARN_UNUSED_VARIABLE = YES;
				IPHONEOS_DEPLOYMENT_TARGET = 9.2;
				MTL_ENABLE_DEBUG_INFO = YES;
				ONLY_ACTIVE_ARCH = YES;
				SDKROOT = iphoneos;
				SWIFT_OPTIMIZATION_LEVEL = "-Onone";
			};
			name = Debug;
		};
		B59740C51C1AC8420029C894 /* Release */ = {
			isa = XCBuildConfiguration;
			buildSettings = {
				ALWAYS_SEARCH_USER_PATHS = NO;
				CLANG_CXX_LANGUAGE_STANDARD = "gnu++0x";
				CLANG_CXX_LIBRARY = "libc++";
				CLANG_ENABLE_MODULES = YES;
				CLANG_ENABLE_OBJC_ARC = YES;
				CLANG_WARN_BOOL_CONVERSION = YES;
				CLANG_WARN_CONSTANT_CONVERSION = YES;
				CLANG_WARN_DIRECT_OBJC_ISA_USAGE = YES_ERROR;
				CLANG_WARN_EMPTY_BODY = YES;
				CLANG_WARN_ENUM_CONVERSION = YES;
				CLANG_WARN_INT_CONVERSION = YES;
				CLANG_WARN_OBJC_ROOT_CLASS = YES_ERROR;
				CLANG_WARN_UNREACHABLE_CODE = YES;
				CLANG_WARN__DUPLICATE_METHOD_MATCH = YES;
				"CODE_SIGN_IDENTITY[sdk=iphoneos*]" = "iPhone Developer";
				COPY_PHASE_STRIP = NO;
				DEBUG_INFORMATION_FORMAT = "dwarf-with-dsym";
				ENABLE_NS_ASSERTIONS = NO;
				ENABLE_STRICT_OBJC_MSGSEND = YES;
				GCC_C_LANGUAGE_STANDARD = gnu99;
				GCC_NO_COMMON_BLOCKS = YES;
				GCC_WARN_64_TO_32_BIT_CONVERSION = YES;
				GCC_WARN_ABOUT_RETURN_TYPE = YES_ERROR;
				GCC_WARN_UNDECLARED_SELECTOR = YES;
				GCC_WARN_UNINITIALIZED_AUTOS = YES_AGGRESSIVE;
				GCC_WARN_UNUSED_FUNCTION = YES;
				GCC_WARN_UNUSED_VARIABLE = YES;
				IPHONEOS_DEPLOYMENT_TARGET = 9.2;
				MTL_ENABLE_DEBUG_INFO = NO;
				SDKROOT = iphoneos;
				VALIDATE_PRODUCT = YES;
			};
			name = Release;
		};
		B59740C71C1AC8420029C894 /* Debug */ = {
			isa = XCBuildConfiguration;
			baseConfigurationReference = E44F2614F8FC34488629580A /* Pods-Multilingual.debug.xcconfig */;
			buildSettings = {
				ASSETCATALOG_COMPILER_APPICON_NAME = AppIcon;
				CLANG_ENABLE_MODULES = YES;
				INFOPLIST_FILE = Multilingual/Info.plist;
				LD_RUNPATH_SEARCH_PATHS = "$(inherited) @executable_path/Frameworks";
				PRODUCT_BUNDLE_IDENTIFIER = io.github.bcylin.Multilingual;
				PRODUCT_NAME = "$(TARGET_NAME)";
				SWIFT_OBJC_BRIDGING_HEADER = "Multilingual/Multilingual-Bridging-Header.h";
				SWIFT_OPTIMIZATION_LEVEL = "-Onone";
			};
			name = Debug;
		};
		B59740C81C1AC8420029C894 /* Release */ = {
			isa = XCBuildConfiguration;
			baseConfigurationReference = 5F6C5460FA44B724D8F1E228 /* Pods-Multilingual.release.xcconfig */;
			buildSettings = {
				ASSETCATALOG_COMPILER_APPICON_NAME = AppIcon;
				CLANG_ENABLE_MODULES = YES;
				INFOPLIST_FILE = Multilingual/Info.plist;
				LD_RUNPATH_SEARCH_PATHS = "$(inherited) @executable_path/Frameworks";
				PRODUCT_BUNDLE_IDENTIFIER = io.github.bcylin.Multilingual;
				PRODUCT_NAME = "$(TARGET_NAME)";
				SWIFT_OBJC_BRIDGING_HEADER = "Multilingual/Multilingual-Bridging-Header.h";
			};
			name = Release;
		};
/* End XCBuildConfiguration section */

/* Begin XCConfigurationList section */
		B59740AF1C1AC8420029C894 /* Build configuration list for PBXProject "Multilingual" */ = {
			isa = XCConfigurationList;
			buildConfigurations = (
				B59740C41C1AC8420029C894 /* Debug */,
				B59740C51C1AC8420029C894 /* Release */,
			);
			defaultConfigurationIsVisible = 0;
			defaultConfigurationName = Release;
		};
		B59740C61C1AC8420029C894 /* Build configuration list for PBXNativeTarget "Multilingual" */ = {
			isa = XCConfigurationList;
			buildConfigurations = (
				B59740C71C1AC8420029C894 /* Debug */,
				B59740C81C1AC8420029C894 /* Release */,
			);
			defaultConfigurationIsVisible = 0;
			defaultConfigurationName = Release;
		};
/* End XCConfigurationList section */
	};
	rootObject = B59740AC1C1AC8420029C894 /* Project object */;
}
